
Microsoft Visual Studio Solution File, Format Version 12.00
# Visual Studio Version 16
VisualStudioVersion = 16.0.32630.194
MinimumVisualStudioVersion = 10.0.40219.1
Project("{FAE04EC0-301F-11D3-BF4B-00C04F79EFBC}") = "zodiac prog", "zodiac prog.csproj", "{0B19DBCF-1712-4054-B63E-B0CC5A0F1F56}"
EndProject
Global
	GlobalSection(SolutionConfigurationPlatforms) = preSolution
		Debug|Any CPU = Debug|Any CPU
		Release|Any CPU = Release|Any CPU
	EndGlobalSection
	GlobalSection(ProjectConfigurationPlatforms) = postSolution
		{0B19DBCF-1712-4054-B63E-B0CC5A0F1F56}.Debug|Any CPU.ActiveCfg = Debug|Any CPU
		{0B19DBCF-1712-4054-B63E-B0CC5A0F1F56}.Debug|Any CPU.Build.0 = Debug|Any CPU
		{0B19DBCF-1712-4054-B63E-B0CC5A0F1F56}.Release|Any CPU.ActiveCfg = Release|Any CPU
		{0B19DBCF-1712-4054-B63E-B0CC5A0F1F56}.Release|Any CPU.Build.0 = Release|Any CPU
	EndGlobalSection
	GlobalSection(SolutionProperties) = preSolution
		HideSolutionNode = FALSE
	EndGlobalSection
	GlobalSection(ExtensibilityGlobals) = postSolution
		SolutionGuid = {2ACC27F7-071F-4632-8671-6B2396CB1EB3}
	EndGlobalSection
EndGlobal
